
Microsoft Visual Studio Solution File, Format Version 12.00
# Visual Studio Version 16
VisualStudioVersion = 16.0.31702.278
MinimumVisualStudioVersion = 10.0.40219.1
Project("{FAE04EC0-301F-11D3-BF4B-00C04F79EFBC}") = "MyConsoleApp", "MyConsoleApp.csproj", "{479CC2D9-6CB3-479E-B812-BEF989AE9EAA}"
EndProject
Global
	GlobalSection(SolutionConfigurationPlatforms) = preSolution
		Debug|Any CPU = Debug|Any CPU
		Release|Any CPU = Release|Any CPU
	EndGlobalSection
	GlobalSection(ProjectConfigurationPlatforms) = postSolution
		{479CC2D9-6CB3-479E-B812-BEF989AE9EAA}.Debug|Any CPU.ActiveCfg = Debug|Any CPU
		{479CC2D9-6CB3-479E-B812-BEF989AE9EAA}.Debug|Any CPU.Build.0 = Debug|Any CPU
		{479CC2D9-6CB3-479E-B812-BEF989AE9EAA}.Release|Any CPU.ActiveCfg = Release|Any CPU
		{479CC2D9-6CB3-479E-B812-BEF989AE9EAA}.Release|Any CPU.Build.0 = Release|Any CPU
	EndGlobalSection
	GlobalSection(SolutionProperties) = preSolution
		HideSolutionNode = FALSE
	EndGlobalSection
	GlobalSection(ExtensibilityGlobals) = postSolution
		SolutionGuid = {D4B1997E-4ED4-4101-AFD9-ADC4ECA369FF}
	EndGlobalSection
EndGlobal
